
Microsoft Visual Studio Solution File, Format Version 12.00
# Visual Studio 15
VisualStudioVersion = 15.0.26730.16
MinimumVisualStudioVersion = 10.0.40219.1
Project("{FAE04EC0-301F-11D3-BF4B-00C04F79EFBC}") = "jwhitehead-BugTracker", "jwhitehead-BugTracker\jwhitehead-BugTracker.csproj", "{C11444C4-9676-4908-B41A-11C10F855BD4}"
EndProject
Global
	GlobalSection(SolutionConfigurationPlatforms) = preSolution
		Debug|Any CPU = Debug|Any CPU
		Release|Any CPU = Release|Any CPU
	EndGlobalSection
	GlobalSection(ProjectConfigurationPlatforms) = postSolution
		{C11444C4-9676-4908-B41A-11C10F855BD4}.Debug|Any CPU.ActiveCfg = Debug|Any CPU
		{C11444C4-9676-4908-B41A-11C10F855BD4}.Debug|Any CPU.Build.0 = Debug|Any CPU
		{C11444C4-9676-4908-B41A-11C10F855BD4}.Release|Any CPU.ActiveCfg = Release|Any CPU
		{C11444C4-9676-4908-B41A-11C10F855BD4}.Release|Any CPU.Build.0 = Release|Any CPU
	EndGlobalSection
	GlobalSection(SolutionProperties) = preSolution
		HideSolutionNode = FALSE
	EndGlobalSection
	GlobalSection(ExtensibilityGlobals) = postSolution
		SolutionGuid = {C7D6763C-90B0-40B9-98DE-711EEEBBD196}
	EndGlobalSection
EndGlobal
